// !$*UTF8*$!
{
	archiveVersion = 1;
	classes = {
	};
	objectVersion = 56;
	objects = {

/* Begin PBXBuildFile section */
		309579F92B234254006ED30C /* AppDelegate.swift in Sources */ = {isa = PBXBuildFile; fileRef = 309579F82B234254006ED30C /* AppDelegate.swift */; };
		309579FB2B234254006ED30C /* SceneDelegate.swift in Sources */ = {isa = PBXBuildFile; fileRef = 309579FA2B234254006ED30C /* SceneDelegate.swift */; };
		309579FD2B234254006ED30C /* BlueViewController.swift in Sources */ = {isa = PBXBuildFile; fileRef = 309579FC2B234254006ED30C /* BlueViewController.swift */; };
		30957A022B234257006ED30C /* Assets.xcassets in Resources */ = {isa = PBXBuildFile; fileRef = 30957A012B234257006ED30C /* Assets.xcassets */; };
		30957A052B234257006ED30C /* LaunchScreen.storyboard in Resources */ = {isa = PBXBuildFile; fileRef = 30957A032B234257006ED30C /* LaunchScreen.storyboard */; };
		30957A102B234937006ED30C /* BlueView.swift in Sources */ = {isa = PBXBuildFile; fileRef = 30957A0F2B234937006ED30C /* BlueView.swift */; };
		30957A132B23498C006ED30C /* ViewCodeProtocol.swift in Sources */ = {isa = PBXBuildFile; fileRef = 30957A122B23498C006ED30C /* ViewCodeProtocol.swift */; };
		30957A172B235107006ED30C /* BlueCoordinator.swift in Sources */ = {isa = PBXBuildFile; fileRef = 30957A162B235107006ED30C /* BlueCoordinator.swift */; };
		30957A192B2351B8006ED30C /* CoordinatorProtocol.swift in Sources */ = {isa = PBXBuildFile; fileRef = 30957A182B2351B8006ED30C /* CoordinatorProtocol.swift */; };
		30957A1C2B235397006ED30C /* GreenViewController.swift in Sources */ = {isa = PBXBuildFile; fileRef = 30957A1B2B235397006ED30C /* GreenViewController.swift */; };
		30957A1E2B2353A8006ED30C /* GreenView.swift in Sources */ = {isa = PBXBuildFile; fileRef = 30957A1D2B2353A8006ED30C /* GreenView.swift */; };
		30957A202B2359EE006ED30C /* GreenCoordinator.swift in Sources */ = {isa = PBXBuildFile; fileRef = 30957A1F2B2359EE006ED30C /* GreenCoordinator.swift */; };
		30957A232B235AC2006ED30C /* RedViewController.swift in Sources */ = {isa = PBXBuildFile; fileRef = 30957A222B235AC2006ED30C /* RedViewController.swift */; };
		30957A252B235ACF006ED30C /* RedView.swift in Sources */ = {isa = PBXBuildFile; fileRef = 30957A242B235ACF006ED30C /* RedView.swift */; };
/* End PBXBuildFile section */

/* Begin PBXFileReference section */
		309579F52B234254006ED30C /* TelasSwift.app */ = {isa = PBXFileReference; explicitFileType = wrapper.application; includeInIndex = 0; path = TelasSwift.app; sourceTree = BUILT_PRODUCTS_DIR; };
		309579F82B234254006ED30C /* AppDelegate.swift */ = {isa = PBXFileReference; lastKnownFileType = sourcecode.swift; path = AppDelegate.swift; sourceTree = "<group>"; };
		309579FA2B234254006ED30C /* SceneDelegate.swift */ = {isa = PBXFileReference; lastKnownFileType = sourcecode.swift; path = SceneDelegate.swift; sourceTree = "<group>"; };
		309579FC2B234254006ED30C /* BlueViewController.swift */ = {isa = PBXFileReference; lastKnownFileType = sourcecode.swift; path = BlueViewController.swift; sourceTree = "<group>"; };
		30957A012B234257006ED30C /* Assets.xcassets */ = {isa = PBXFileReference; lastKnownFileType = folder.assetcatalog; path = Assets.xcassets; sourceTree = "<group>"; };
		30957A042B234257006ED30C /* Base */ = {isa = PBXFileReference; lastKnownFileType = file.storyboard; name = Base; path = Base.lproj/LaunchScreen.storyboard; sourceTree = "<group>"; };
		30957A062B234257006ED30C /* Info.plist */ = {isa = PBXFileReference; lastKnownFileType = text.plist.xml; path = Info.plist; sourceTree = "<group>"; };
		30957A0F2B234937006ED30C /* BlueView.swift */ = {isa = PBXFileReference; lastKnownFileType = sourcecode.swift; path = BlueView.swift; sourceTree = "<group>"; };
		30957A122B23498C006ED30C /* ViewCodeProtocol.swift */ = {isa = PBXFileReference; lastKnownFileType = sourcecode.swift; path = ViewCodeProtocol.swift; sourceTree = "<group>"; };
		30957A162B235107006ED30C /* BlueCoordinator.swift */ = {isa = PBXFileReference; lastKnownFileType = sourcecode.swift; path = BlueCoordinator.swift; sourceTree = "<group>"; };
		30957A182B2351B8006ED30C /* CoordinatorProtocol.swift */ = {isa = PBXFileReference; lastKnownFileType = sourcecode.swift; path = CoordinatorProtocol.swift; sourceTree = "<group>"; };
		30957A1B2B235397006ED30C /* GreenViewController.swift */ = {isa = PBXFileReference; lastKnownFileType = sourcecode.swift; path = GreenViewController.swift; sourceTree = "<group>"; };
		30957A1D2B2353A8006ED30C /* GreenView.swift */ = {isa = PBXFileReference; lastKnownFileType = sourcecode.swift; path = GreenView.swift; sourceTree = "<group>"; };
		30957A1F2B2359EE006ED30C /* GreenCoordinator.swift */ = {isa = PBXFileReference; lastKnownFileType = sourcecode.swift; path = GreenCoordinator.swift; sourceTree = "<group>"; };
		30957A222B235AC2006ED30C /* RedViewController.swift */ = {isa = PBXFileReference; lastKnownFileType = sourcecode.swift; path = RedViewController.swift; sourceTree = "<group>"; };
		30957A242B235ACF006ED30C /* RedView.swift */ = {isa = PBXFileReference; lastKnownFileType = sourcecode.swift; path = RedView.swift; sourceTree = "<group>"; };
/* End PBXFileReference section */

/* Begin PBXFrameworksBuildPhase section */
		309579F22B234254006ED30C /* Frameworks */ = {
			isa = PBXFrameworksBuildPhase;
			buildActionMask = 2147483647;
			files = (
			);
			runOnlyForDeploymentPostprocessing = 0;
		};
/* End PBXFrameworksBuildPhase section */

/* Begin PBXGroup section */
		309579EC2B234254006ED30C = {
			isa = PBXGroup;
			children = (
				309579F72B234254006ED30C /* TelasSwift */,
				309579F62B234254006ED30C /* Products */,
			);
			sourceTree = "<group>";
		};
		309579F62B234254006ED30C /* Products */ = {
			isa = PBXGroup;
			children = (
				309579F52B234254006ED30C /* TelasSwift.app */,
			);
			name = Products;
			sourceTree = "<group>";
		};
		309579F72B234254006ED30C /* TelasSwift */ = {
			isa = PBXGroup;
			children = (
				30957A0D2B234809006ED30C /* Resources */,
				30957A0C2B234802006ED30C /* Sources */,
				30957A062B234257006ED30C /* Info.plist */,
			);
			path = TelasSwift;
			sourceTree = "<group>";
		};
		30957A0C2B234802006ED30C /* Sources */ = {
			isa = PBXGroup;
			children = (
				30957A152B235082006ED30C /* Coordinators */,
				30957A142B235071006ED30C /* Controllers */,
				30957A112B23493E006ED30C /* Protocols */,
				309579F82B234254006ED30C /* AppDelegate.swift */,
				309579FA2B234254006ED30C /* SceneDelegate.swift */,
			);
			path = Sources;
			sourceTree = "<group>";
		};
		30957A0D2B234809006ED30C /* Resources */ = {
			isa = PBXGroup;
			children = (
				30957A012B234257006ED30C /* Assets.xcassets */,
				30957A032B234257006ED30C /* LaunchScreen.storyboard */,
			);
			path = Resources;
			sourceTree = "<group>";
		};
		30957A0E2B23487B006ED30C /* BlueScreen */ = {
			isa = PBXGroup;
			children = (
				309579FC2B234254006ED30C /* BlueViewController.swift */,
				30957A0F2B234937006ED30C /* BlueView.swift */,
			);
			path = BlueScreen;
			sourceTree = "<group>";
		};
		30957A112B23493E006ED30C /* Protocols */ = {
			isa = PBXGroup;
			children = (
				30957A122B23498C006ED30C /* ViewCodeProtocol.swift */,
				30957A182B2351B8006ED30C /* CoordinatorProtocol.swift */,
			);
			path = Protocols;
			sourceTree = "<group>";
		};
		30957A142B235071006ED30C /* Controllers */ = {
			isa = PBXGroup;
			children = (
				30957A0E2B23487B006ED30C /* BlueScreen */,
				30957A1A2B235372006ED30C /* GreenScreen */,
				30957A212B235AA1006ED30C /* RedScreen */,
			);
			path = Controllers;
			sourceTree = "<group>";
		};
		30957A152B235082006ED30C /* Coordinators */ = {
			isa = PBXGroup;
			children = (
				30957A162B235107006ED30C /* BlueCoordinator.swift */,
				30957A1F2B2359EE006ED30C /* GreenCoordinator.swift */,
			);
			path = Coordinators;
			sourceTree = "<group>";
		};
		30957A1A2B235372006ED30C /* GreenScreen */ = {
			isa = PBXGroup;
			children = (
				30957A1B2B235397006ED30C /* GreenViewController.swift */,
				30957A1D2B2353A8006ED30C /* GreenView.swift */,
			);
			path = GreenScreen;
			sourceTree = "<group>";
		};
		30957A212B235AA1006ED30C /* RedScreen */ = {
			isa = PBXGroup;
			children = (
				30957A222B235AC2006ED30C /* RedViewController.swift */,
				30957A242B235ACF006ED30C /* RedView.swift */,
			);
			path = RedScreen;
			sourceTree = "<group>";
		};
/* End PBXGroup section */

/* Begin PBXNativeTarget section */
		309579F42B234254006ED30C /* TelasSwift */ = {
			isa = PBXNativeTarget;
			buildConfigurationList = 30957A092B234257006ED30C /* Build configuration list for PBXNativeTarget "TelasSwift" */;
			buildPhases = (
				309579F12B234254006ED30C /* Sources */,
				309579F22B234254006ED30C /* Frameworks */,
				309579F32B234254006ED30C /* Resources */,
			);
			buildRules = (
			);
			dependencies = (
			);
			name = TelasSwift;
			productName = TelasSwift;
			productReference = 309579F52B234254006ED30C /* TelasSwift.app */;
			productType = "com.apple.product-type.application";
		};
/* End PBXNativeTarget section */

/* Begin PBXProject section */
		309579ED2B234254006ED30C /* Project object */ = {
			isa = PBXProject;
			attributes = {
				BuildIndependentTargetsInParallel = 1;
				LastSwiftUpdateCheck = 1500;
				LastUpgradeCheck = 1500;
				TargetAttributes = {
					309579F42B234254006ED30C = {
						CreatedOnToolsVersion = 15.0;
					};
				};
			};
			buildConfigurationList = 309579F02B234254006ED30C /* Build configuration list for PBXProject "TelasSwift" */;
			compatibilityVersion = "Xcode 14.0";
			developmentRegion = en;
			hasScannedForEncodings = 0;
			knownRegions = (
				en,
				Base,
			);
			mainGroup = 309579EC2B234254006ED30C;
			productRefGroup = 309579F62B234254006ED30C /* Products */;
			projectDirPath = "";
			projectRoot = "";
			targets = (
				309579F42B234254006ED30C /* TelasSwift */,
			);
		};
/* End PBXProject section */

/* Begin PBXResourcesBuildPhase section */
		309579F32B234254006ED30C /* Resources */ = {
			isa = PBXResourcesBuildPhase;
			buildActionMask = 2147483647;
			files = (
				30957A052B234257006ED30C /* LaunchScreen.storyboard in Resources */,
				30957A022B234257006ED30C /* Assets.xcassets in Resources */,
			);
			runOnlyForDeploymentPostprocessing = 0;
		};
/* End PBXResourcesBuildPhase section */

/* Begin PBXSourcesBuildPhase section */
		309579F12B234254006ED30C /* Sources */ = {
			isa = PBXSourcesBuildPhase;
			buildActionMask = 2147483647;
			files = (
				30957A202B2359EE006ED30C /* GreenCoordinator.swift in Sources */,
				30957A192B2351B8006ED30C /* CoordinatorProtocol.swift in Sources */,
				30957A252B235ACF006ED30C /* RedView.swift in Sources */,
				30957A172B235107006ED30C /* BlueCoordinator.swift in Sources */,
				30957A102B234937006ED30C /* BlueView.swift in Sources */,
				30957A1E2B2353A8006ED30C /* GreenView.swift in Sources */,
				309579FD2B234254006ED30C /* BlueViewController.swift in Sources */,
				30957A1C2B235397006ED30C /* GreenViewController.swift in Sources */,
				30957A232B235AC2006ED30C /* RedViewController.swift in Sources */,
				30957A132B23498C006ED30C /* ViewCodeProtocol.swift in Sources */,
				309579F92B234254006ED30C /* AppDelegate.swift in Sources */,
				309579FB2B234254006ED30C /* SceneDelegate.swift in Sources */,
			);
			runOnlyForDeploymentPostprocessing = 0;
		};
/* End PBXSourcesBuildPhase section */

/* Begin PBXVariantGroup section */
		30957A032B234257006ED30C /* LaunchScreen.storyboard */ = {
			isa = PBXVariantGroup;
			children = (
				30957A042B234257006ED30C /* Base */,
			);
			name = LaunchScreen.storyboard;
			sourceTree = "<group>";
		};
/* End PBXVariantGroup section */

/* Begin XCBuildConfiguration section */
		30957A072B234257006ED30C /* Debug */ = {
			isa = XCBuildConfiguration;
			buildSettings = {
				ALWAYS_SEARCH_USER_PATHS = NO;
				ASSETCATALOG_COMPILER_GENERATE_SWIFT_ASSET_SYMBOL_EXTENSIONS = YES;
				CLANG_ANALYZER_NONNULL = YES;
				CLANG_ANALYZER_NUMBER_OBJECT_CONVERSION = YES_AGGRESSIVE;
				CLANG_CXX_LANGUAGE_STANDARD = "gnu++20";
				CLANG_ENABLE_MODULES = YES;
				CLANG_ENABLE_OBJC_ARC = YES;
				CLANG_ENABLE_OBJC_WEAK = YES;
				CLANG_WARN_BLOCK_CAPTURE_AUTORELEASING = YES;
				CLANG_WARN_BOOL_CONVERSION = YES;
				CLANG_WARN_COMMA = YES;
				CLANG_WARN_CONSTANT_CONVERSION = YES;
				CLANG_WARN_DEPRECATED_OBJC_IMPLEMENTATIONS = YES;
				CLANG_WARN_DIRECT_OBJC_ISA_USAGE = YES_ERROR;
				CLANG_WARN_DOCUMENTATION_COMMENTS = YES;
				CLANG_WARN_EMPTY_BODY = YES;
				CLANG_WARN_ENUM_CONVERSION = YES;
				CLANG_WARN_INFINITE_RECURSION = YES;
				CLANG_WARN_INT_CONVERSION = YES;
				CLANG_WARN_NON_LITERAL_NULL_CONVERSION = YES;
				CLANG_WARN_OBJC_IMPLICIT_RETAIN_SELF = YES;
				CLANG_WARN_OBJC_LITERAL_CONVERSION = YES;
				CLANG_WARN_OBJC_ROOT_CLASS = YES_ERROR;
				CLANG_WARN_QUOTED_INCLUDE_IN_FRAMEWORK_HEADER = YES;
				CLANG_WARN_RANGE_LOOP_ANALYSIS = YES;
				CLANG_WARN_STRICT_PROTOTYPES = YES;
				CLANG_WARN_SUSPICIOUS_MOVE = YES;
				CLANG_WARN_UNGUARDED_AVAILABILITY = YES_AGGRESSIVE;
				CLANG_WARN_UNREACHABLE_CODE = YES;
				CLANG_WARN__DUPLICATE_METHOD_MATCH = YES;
				COPY_PHASE_STRIP = NO;
				DEBUG_INFORMATION_FORMAT = dwarf;
				ENABLE_STRICT_OBJC_MSGSEND = YES;
				ENABLE_TESTABILITY = YES;
				ENABLE_USER_SCRIPT_SANDBOXING = YES;
				GCC_C_LANGUAGE_STANDARD = gnu17;
				GCC_DYNAMIC_NO_PIC = NO;
				GCC_NO_COMMON_BLOCKS = YES;
				GCC_OPTIMIZATION_LEVEL = 0;
				GCC_PREPROCESSOR_DEFINITIONS = (
					"DEBUG=1",
					"$(inherited)",
				);
				GCC_WARN_64_TO_32_BIT_CONVERSION = YES;
				GCC_WARN_ABOUT_RETURN_TYPE = YES_ERROR;
				GCC_WARN_UNDECLARED_SELECTOR = YES;
				GCC_WARN_UNINITIALIZED_AUTOS = YES_AGGRESSIVE;
				GCC_WARN_UNUSED_FUNCTION = YES;
				GCC_WARN_UNUSED_VARIABLE = YES;
				IPHONEOS_DEPLOYMENT_TARGET = 17.0;
				LOCALIZATION_PREFERS_STRING_CATALOGS = YES;
				MTL_ENABLE_DEBUG_INFO = INCLUDE_SOURCE;
				MTL_FAST_MATH = YES;
				ONLY_ACTIVE_ARCH = YES;
				SDKROOT = iphoneos;
				SWIFT_ACTIVE_COMPILATION_CONDITIONS = "DEBUG $(inherited)";
				SWIFT_OPTIMIZATION_LEVEL = "-Onone";
			};
			name = Debug;
		};
		30957A082B234257006ED30C /* Release */ = {
			isa = XCBuildConfiguration;
			buildSettings = {
				ALWAYS_SEARCH_USER_PATHS = NO;
				ASSETCATALOG_COMPILER_GENERATE_SWIFT_ASSET_SYMBOL_EXTENSIONS = YES;
				CLANG_ANALYZER_NONNULL = YES;
				CLANG_ANALYZER_NUMBER_OBJECT_CONVERSION = YES_AGGRESSIVE;
				CLANG_CXX_LANGUAGE_STANDARD = "gnu++20";
				CLANG_ENABLE_MODULES = YES;
				CLANG_ENABLE_OBJC_ARC = YES;
				CLANG_ENABLE_OBJC_WEAK = YES;
				CLANG_WARN_BLOCK_CAPTURE_AUTORELEASING = YES;
				CLANG_WARN_BOOL_CONVERSION = YES;
				CLANG_WARN_COMMA = YES;
				CLANG_WARN_CONSTANT_CONVERSION = YES;
				CLANG_WARN_DEPRECATED_OBJC_IMPLEMENTATIONS = YES;
				CLANG_WARN_DIRECT_OBJC_ISA_USAGE = YES_ERROR;
				CLANG_WARN_DOCUMENTATION_COMMENTS = YES;
				CLANG_WARN_EMPTY_BODY = YES;
				CLANG_WARN_ENUM_CONVERSION = YES;
				CLANG_WARN_INFINITE_RECURSION = YES;
				CLANG_WARN_INT_CONVERSION = YES;
				CLANG_WARN_NON_LITERAL_NULL_CONVERSION = YES;
				CLANG_WARN_OBJC_IMPLICIT_RETAIN_SELF = YES;
				CLANG_WARN_OBJC_LITERAL_CONVERSION = YES;
				CLANG_WARN_OBJC_ROOT_CLASS = YES_ERROR;
				CLANG_WARN_QUOTED_INCLUDE_IN_FRAMEWORK_HEADER = YES;
				CLANG_WARN_RANGE_LOOP_ANALYSIS = YES;
				CLANG_WARN_STRICT_PROTOTYPES = YES;
				CLANG_WARN_SUSPICIOUS_MOVE = YES;
				CLANG_WARN_UNGUARDED_AVAILABILITY = YES_AGGRESSIVE;
				CLANG_WARN_UNREACHABLE_CODE = YES;
				CLANG_WARN__DUPLICATE_METHOD_MATCH = YES;
				COPY_PHASE_STRIP = NO;
				DEBUG_INFORMATION_FORMAT = "dwarf-with-dsym";
				ENABLE_NS_ASSERTIONS = NO;
				ENABLE_STRICT_OBJC_MSGSEND = YES;
				ENABLE_USER_SCRIPT_SANDBOXING = YES;
				GCC_C_LANGUAGE_STANDARD = gnu17;
				GCC_NO_COMMON_BLOCKS = YES;
				GCC_WARN_64_TO_32_BIT_CONVERSION = YES;
				GCC_WARN_ABOUT_RETURN_TYPE = YES_ERROR;
				GCC_WARN_UNDECLARED_SELECTOR = YES;
				GCC_WARN_UNINITIALIZED_AUTOS = YES_AGGRESSIVE;
				GCC_WARN_UNUSED_FUNCTION = YES;
				GCC_WARN_UNUSED_VARIABLE = YES;
				IPHONEOS_DEPLOYMENT_TARGET = 17.0;
				LOCALIZATION_PREFERS_STRING_CATALOGS = YES;
				MTL_ENABLE_DEBUG_INFO = NO;
				MTL_FAST_MATH = YES;
				SDKROOT = iphoneos;
				SWIFT_COMPILATION_MODE = wholemodule;
				VALIDATE_PRODUCT = YES;
			};
			name = Release;
		};
		30957A0A2B234257006ED30C /* Debug */ = {
			isa = XCBuildConfiguration;
			buildSettings = {
				ASSETCATALOG_COMPILER_APPICON_NAME = AppIcon;
				ASSETCATALOG_COMPILER_GLOBAL_ACCENT_COLOR_NAME = AccentColor;
				CODE_SIGN_STYLE = Automatic;
				CURRENT_PROJECT_VERSION = 1;
				GENERATE_INFOPLIST_FILE = YES;
				INFOPLIST_FILE = TelasSwift/Info.plist;
				INFOPLIST_KEY_UIApplicationSupportsIndirectInputEvents = YES;
				INFOPLIST_KEY_UILaunchStoryboardName = LaunchScreen;
				INFOPLIST_KEY_UISupportedInterfaceOrientations_iPad = "UIInterfaceOrientationPortrait UIInterfaceOrientationPortraitUpsideDown UIInterfaceOrientationLandscapeLeft UIInterfaceOrientationLandscapeRight";
				INFOPLIST_KEY_UISupportedInterfaceOrientations_iPhone = "UIInterfaceOrientationPortrait UIInterfaceOrientationLandscapeLeft UIInterfaceOrientationLandscapeRight";
				LD_RUNPATH_SEARCH_PATHS = (
					"$(inherited)",
					"@executable_path/Frameworks",
				);
				MARKETING_VERSION = 1.0;
				PRODUCT_BUNDLE_IDENTIFIER = com.ifb.kleyton.TelasSwift;
				PRODUCT_NAME = "$(TARGET_NAME)";
				SWIFT_EMIT_LOC_STRINGS = YES;
				SWIFT_VERSION = 5.0;
				TARGETED_DEVICE_FAMILY = "1,2";
			};
			name = Debug;
		};
		30957A0B2B234257006ED30C /* Release */ = {
			isa = XCBuildConfiguration;
			buildSettings = {
				ASSETCATALOG_COMPILER_APPICON_NAME = AppIcon;
				ASSETCATALOG_COMPILER_GLOBAL_ACCENT_COLOR_NAME = AccentColor;
				CODE_SIGN_STYLE = Automatic;
				CURRENT_PROJECT_VERSION = 1;
				GENERATE_INFOPLIST_FILE = YES;
				INFOPLIST_FILE = TelasSwift/Info.plist;
				INFOPLIST_KEY_UIApplicationSupportsIndirectInputEvents = YES;
				INFOPLIST_KEY_UILaunchStoryboardName = LaunchScreen;
				INFOPLIST_KEY_UISupportedInterfaceOrientations_iPad = "UIInterfaceOrientationPortrait UIInterfaceOrientationPortraitUpsideDown UIInterfaceOrientationLandscapeLeft UIInterfaceOrientationLandscapeRight";
				INFOPLIST_KEY_UISupportedInterfaceOrientations_iPhone = "UIInterfaceOrientationPortrait UIInterfaceOrientationLandscapeLeft UIInterfaceOrientationLandscapeRight";
				LD_RUNPATH_SEARCH_PATHS = (
					"$(inherited)",
					"@executable_path/Frameworks",
				);
				MARKETING_VERSION = 1.0;
				PRODUCT_BUNDLE_IDENTIFIER = com.ifb.kleyton.TelasSwift;
				PRODUCT_NAME = "$(TARGET_NAME)";
				SWIFT_EMIT_LOC_STRINGS = YES;
				SWIFT_VERSION = 5.0;
				TARGETED_DEVICE_FAMILY = "1,2";
			};
			name = Release;
		};
/* End XCBuildConfiguration section */

/* Begin XCConfigurationList section */
		309579F02B234254006ED30C /* Build configuration list for PBXProject "TelasSwift" */ = {
			isa = XCConfigurationList;
			buildConfigurations = (
				30957A072B234257006ED30C /* Debug */,
				30957A082B234257006ED30C /* Release */,
			);
			defaultConfigurationIsVisible = 0;
			defaultConfigurationName = Release;
		};
		30957A092B234257006ED30C /* Build configuration list for PBXNativeTarget "TelasSwift" */ = {
			isa = XCConfigurationList;
			buildConfigurations = (
				30957A0A2B234257006ED30C /* Debug */,
				30957A0B2B234257006ED30C /* Release */,
			);
			defaultConfigurationIsVisible = 0;
			defaultConfigurationName = Release;
		};
/* End XCConfigurationList section */
	};
	rootObject = 309579ED2B234254006ED30C /* Project object */;
}
